
Microsoft Visual Studio Solution File, Format Version 12.00
# Visual Studio 2012
Project("{FAE04EC0-301F-11D3-BF4B-00C04F79EFBC}") = "IOT.Data.Buisness", "IOT.Data.Buisness\IOT.Data.Buisness.csproj", "{61B34D35-6888-46FF-B43F-3D18CC3E9D66}"
EndProject
Project("{FAE04EC0-301F-11D3-BF4B-00C04F79EFBC}") = "IOT.DAL.Cluster", "..\IOT.DAL.Cluster\IOT.DAL.Cluster.csproj", "{C6A4FD6C-4A0B-4D7E-B541-DBDE697652E2}"
EndProject
Global
	GlobalSection(SolutionConfigurationPlatforms) = preSolution
		Debug|Any CPU = Debug|Any CPU
		Release|Any CPU = Release|Any CPU
	EndGlobalSection
	GlobalSection(ProjectConfigurationPlatforms) = postSolution
		{61B34D35-6888-46FF-B43F-3D18CC3E9D66}.Debug|Any CPU.ActiveCfg = Debug|Any CPU
		{61B34D35-6888-46FF-B43F-3D18CC3E9D66}.Debug|Any CPU.Build.0 = Debug|Any CPU
		{61B34D35-6888-46FF-B43F-3D18CC3E9D66}.Release|Any CPU.ActiveCfg = Release|Any CPU
		{61B34D35-6888-46FF-B43F-3D18CC3E9D66}.Release|Any CPU.Build.0 = Release|Any CPU
		{C6A4FD6C-4A0B-4D7E-B541-DBDE697652E2}.Debug|Any CPU.ActiveCfg = Debug|Any CPU
		{C6A4FD6C-4A0B-4D7E-B541-DBDE697652E2}.Debug|Any CPU.Build.0 = Debug|Any CPU
		{C6A4FD6C-4A0B-4D7E-B541-DBDE697652E2}.Release|Any CPU.ActiveCfg = Release|Any CPU
		{C6A4FD6C-4A0B-4D7E-B541-DBDE697652E2}.Release|Any CPU.Build.0 = Release|Any CPU
	EndGlobalSection
	GlobalSection(SolutionProperties) = preSolution
		HideSolutionNode = FALSE
	EndGlobalSection
EndGlobal
